
Microsoft Visual Studio Solution File, Format Version 12.00
# Visual Studio 15
VisualStudioVersion = 15.0.27004.2006
MinimumVisualStudioVersion = 10.0.40219.1
Project("{FAE04EC0-301F-11D3-BF4B-00C04F79EFBC}") = "Inventory.UI.Web", "Inventory.UI.Web\Inventory.UI.Web.csproj", "{58633906-E5BB-4999-913E-C69530ADCA7C}"
EndProject
Project("{FAE04EC0-301F-11D3-BF4B-00C04F79EFBC}") = "Inventory.Model", "Inventory.Model\Inventory.Model.csproj", "{68B21A49-80FA-41DC-99D7-9D4BF6B09233}"
EndProject
Global
	GlobalSection(SolutionConfigurationPlatforms) = preSolution
		Debug|Any CPU = Debug|Any CPU
		Release|Any CPU = Release|Any CPU
	EndGlobalSection
	GlobalSection(ProjectConfigurationPlatforms) = postSolution
		{58633906-E5BB-4999-913E-C69530ADCA7C}.Debug|Any CPU.ActiveCfg = Debug|Any CPU
		{58633906-E5BB-4999-913E-C69530ADCA7C}.Debug|Any CPU.Build.0 = Debug|Any CPU
		{58633906-E5BB-4999-913E-C69530ADCA7C}.Release|Any CPU.ActiveCfg = Release|Any CPU
		{58633906-E5BB-4999-913E-C69530ADCA7C}.Release|Any CPU.Build.0 = Release|Any CPU
		{68B21A49-80FA-41DC-99D7-9D4BF6B09233}.Debug|Any CPU.ActiveCfg = Debug|Any CPU
		{68B21A49-80FA-41DC-99D7-9D4BF6B09233}.Debug|Any CPU.Build.0 = Debug|Any CPU
		{68B21A49-80FA-41DC-99D7-9D4BF6B09233}.Release|Any CPU.ActiveCfg = Release|Any CPU
		{68B21A49-80FA-41DC-99D7-9D4BF6B09233}.Release|Any CPU.Build.0 = Release|Any CPU
	EndGlobalSection
	GlobalSection(SolutionProperties) = preSolution
		HideSolutionNode = FALSE
	EndGlobalSection
	GlobalSection(ExtensibilityGlobals) = postSolution
		SolutionGuid = {40DC3C15-3E58-4120-8BDE-02110D97987C}
	EndGlobalSection
EndGlobal
